PODS:
  - add_2_calendar (0.0.1):
    - Flutter
  - appmetrica_plugin (3.3.0):
    - AppMetricaAnalytics (~> 5.12)
    - Flutter
  - AppMetricaAdSupport (5.15.0):
    - AppMetricaCore (= 5.15.0)
    - AppMetricaCoreExtension (= 5.15.0)
  - AppMetricaAnalytics (5.15.0):
    - AppMetricaAdSupport (= 5.15.0)
    - AppMetricaCore (= 5.15.0)
    - AppMetricaCrashes (= 5.15.0)
    - AppMetricaIDSync (= 5.15.0)
    - AppMetricaScreenshot (= 5.15.0)
    - AppMetricaWebKit (= 5.15.0)
  - AppMetricaCore (5.15.0):
    - AppMetricaCoreUtils (= 5.15.0)
    - AppMetricaEncodingUtils (= 5.15.0)
    - AppMetricaFMDB (= 5.15.0)
    - AppMetricaHostState (= 5.15.0)
    - AppMetricaIdentifiers (= 5.15.0)
    - AppMetricaKeychain (= 5.15.0)
    - AppMetricaLog (= 5.15.0)
    - AppMetricaNetwork (= 5.15.0)
    - AppMetricaPlatform (= 5.15.0)
    - AppMetricaProtobuf (= 5.15.0)
    - AppMetricaProtobufUtils (= 5.15.0)
    - AppMetricaStorageUtils (= 5.15.0)
  - AppMetricaCoreExtension (5.15.0):
    - AppMetricaCore (= 5.15.0)
    - AppMetricaStorageUtils (= 5.15.0)
  - AppMetricaCoreUtils (5.15.0):
    - AppMetricaLog (= 5.15.0)
  - AppMetricaCrashes (5.15.0):
    - AppMetricaCore (= 5.15.0)
    - AppMetricaCoreExtension (= 5.15.0)
    - AppMetricaCoreUtils (= 5.15.0)
    - AppMetricaEncodingUtils (= 5.15.0)
    - AppMetricaHostState (= 5.15.0)
    - AppMetricaLog (= 5.15.0)
    - AppMetricaPlatform (= 5.15.0)
    - AppMetricaProtobufUtils (= 5.15.0)
    - AppMetricaStorageUtils (= 5.15.0)
    - KSCrash/Recording (< 2.2.0, >= 2.1.0)
  - AppMetricaEncodingUtils (5.15.0):
    - AppMetricaCoreUtils (= 5.15.0)
    - AppMetricaLog (= 5.15.0)
    - AppMetricaPlatform (= 5.15.0)
  - AppMetricaFMDB (5.15.0)
  - AppMetricaHostState (5.15.0):
    - AppMetricaCoreUtils (= 5.15.0)
    - AppMetricaLog (= 5.15.0)
  - AppMetricaIdentifiers (5.15.0):
    - AppMetricaKeychain (= 5.15.0)
    - AppMetricaLogSwift (= 5.15.0)
    - AppMetricaPlatform (= 5.15.0)
    - AppMetricaStorageUtils (= 5.15.0)
    - AppMetricaSynchronization (= 5.15.0)
  - AppMetricaIDSync (5.15.0):
    - AppMetricaCore (= 5.15.0)
    - AppMetricaCoreExtension (= 5.15.0)
    - AppMetricaCoreUtils (= 5.15.0)
    - AppMetricaLog (= 5.15.0)
    - AppMetricaNetwork (= 5.15.0)
    - AppMetricaPlatform (= 5.15.0)
    - AppMetricaStorageUtils (= 5.15.0)
  - AppMetricaKeychain (5.15.0):
    - AppMetricaCoreUtils (= 5.15.0)
    - AppMetricaLog (= 5.15.0)
    - AppMetricaStorageUtils (= 5.15.0)
  - AppMetricaLog (5.15.0)
  - AppMetricaLogSwift (5.15.0):
    - AppMetricaLog (= 5.15.0)
  - AppMetricaNetwork (5.15.0):
    - AppMetricaCoreUtils (= 5.15.0)
    - AppMetricaLog (= 5.15.0)
    - AppMetricaPlatform (= 5.15.0)
  - AppMetricaPlatform (5.15.0):
    - AppMetricaCoreUtils (= 5.15.0)
    - AppMetricaLog (= 5.15.0)
  - AppMetricaProtobuf (5.15.0)
  - AppMetricaProtobufUtils (5.15.0):
    - AppMetricaProtobuf (= 5.15.0)
  - AppMetricaScreenshot (5.15.0):
    - AppMetricaCore (= 5.15.0)
    - AppMetricaCoreExtension (= 5.15.0)
    - AppMetricaStorageUtils (= 5.15.0)
  - AppMetricaStorageUtils (5.15.0):
    - AppMetricaCoreUtils (= 5.15.0)
    - AppMetricaLog (= 5.15.0)
  - AppMetricaSynchronization (5.15.0):
    - AppMetricaLogSwift (= 5.15.0)
  - AppMetricaWebKit (5.15.0):
    - AppMetricaCore (= 5.15.0)
    - AppMetricaCoreUtils (= 5.15.0)
    - AppMetricaLog (= 5.15.0)
  - Firebase/CoreOnly (12.4.0):
    - FirebaseCore (~> 12.4.0)
  - Firebase/Messaging (12.4.0):
    - Firebase/CoreOnly
    - FirebaseMessaging (~> 12.4.0)
  - firebase_core (4.2.1):
    - Firebase/CoreOnly (= 12.4.0)
    - Flutter
  - firebase_messaging (16.0.4):
    - Firebase/Messaging (= 12.4.0)
    - firebase_core
    - Flutter
  - FirebaseCore (12.4.0):
    - FirebaseCoreInternal (~> 12.4.0)
    - GoogleUtilities/Environment (~> 8.1)
    - GoogleUtilities/Logger (~> 8.1)
  - FirebaseCoreInternal (12.4.0):
    - "GoogleUtilities/NSData+zlib (~> 8.1)"
  - FirebaseInstallations (12.4.0):
    - FirebaseCore (~> 12.4.0)
    - GoogleUtilities/Environment (~> 8.1)
    - GoogleUtilities/UserDefaults (~> 8.1)
    - PromisesObjC (~> 2.4)
  - FirebaseMessaging (12.4.0):
    - FirebaseCore (~> 12.4.0)
    - FirebaseInstallations (~> 12.4.0)
    - GoogleDataTransport (~> 10.1)
    - GoogleUtilities/AppDelegateSwizzler (~> 8.1)
    - GoogleUtilities/Environment (~> 8.1)
    - GoogleUtilities/Reachability (~> 8.1)
    - GoogleUtilities/UserDefaults (~> 8.1)
    - nanopb (~> 3.30910.0)
  - Flutter (1.0.0)
  - flutter_secure_storage (6.0.0):
    - Flutter
  - flutter_udid (0.0.1):
    - Flutter
    - SAMKeychain
  - geolocator_apple (1.2.0):
    - Flutter
    - FlutterMacOS
  - GoogleDataTransport (10.1.0):
    - nanopb (~> 3.30910.0)
    - PromisesObjC (~> 2.4)
  - GoogleUtilities/AppDelegateSwizzler (8.1.0):
    - GoogleUtilities/Environment
    - GoogleUtilities/Logger
    - GoogleUtilities/Network
    - GoogleUtilities/Privacy
  - GoogleUtilities/Environment (8.1.0):
    - GoogleUtilities/Privacy
  - GoogleUtilities/Logger (8.1.0):
    - GoogleUtilities/Environment
    - GoogleUtilities/Privacy
  - GoogleUtilities/Network (8.1.0):
    - GoogleUtilities/Logger
    - "GoogleUtilities/NSData+zlib"
    - GoogleUtilities/Privacy
    - GoogleUtilities/Reachability
  - "GoogleUtilities/NSData+zlib (8.1.0)":
    - GoogleUtilities/Privacy
  - GoogleUtilities/Privacy (8.1.0)
  - GoogleUtilities/Reachability (8.1.0):
    - GoogleUtilities/Logger
    - GoogleUtilities/Privacy
  - GoogleUtilities/UserDefaults (8.1.0):
    - GoogleUtilities/Logger
    - GoogleUtilities/Privacy
  - image_picker_ios (0.0.1):
    - Flutter
  - KSCrash/Core (2.1.2)
  - KSCrash/Recording (2.1.2):
    - KSCrash/RecordingCore
  - KSCrash/RecordingCore (2.1.2):
    - KSCrash/Core
  - map_launcher (0.0.1):
    - Flutter
  - nanopb (3.30910.0):
    - nanopb/decode (= 3.30910.0)
    - nanopb/encode (= 3.30910.0)
  - nanopb/decode (3.30910.0)
  - nanopb/encode (3.30910.0)
  - package_info_plus (0.4.5):
    - Flutter
  - path_provider_foundation (0.0.1):
    - Flutter
    - FlutterMacOS
  - permission_handler_apple (9.3.0):
    - Flutter
  - PromisesObjC (2.4.0)
  - SAMKeychain (1.5.3)
  - share_plus (0.0.1):
    - Flutter
  - sqflite_darwin (0.0.4):
    - Flutter
    - FlutterMacOS
  - url_launcher_ios (0.0.1):
    - Flutter
  - webview_flutter_wkwebview (0.0.1):
    - Flutter
    - FlutterMacOS
  - yandex_maps_mapkit_lite (1.0.0):
    - Flutter
    - YandexMapsMobile (= 4.22.0-beta-lite-flutter)
  - YandexMapsMobile (4.22.0-beta-lite-flutter)

DEPENDENCIES:
  - add_2_calendar (from `.symlinks/plugins/add_2_calendar/ios`)
  - appmetrica_plugin (from `.symlinks/plugins/appmetrica_plugin/ios`)
  - firebase_core (from `.symlinks/plugins/firebase_core/ios`)
  - firebase_messaging (from `.symlinks/plugins/firebase_messaging/ios`)
  - Flutter (from `Flutter`)
  - flutter_secure_storage (from `.symlinks/plugins/flutter_secure_storage/ios`)
  - flutter_udid (from `.symlinks/plugins/flutter_udid/ios`)
  - geolocator_apple (from `.symlinks/plugins/geolocator_apple/darwin`)
  - image_picker_ios (from `.symlinks/plugins/image_picker_ios/ios`)
  - map_launcher (from `.symlinks/plugins/map_launcher/ios`)
  - package_info_plus (from `.symlinks/plugins/package_info_plus/ios`)
  - path_provider_foundation (from `.symlinks/plugins/path_provider_foundation/darwin`)
  - permission_handler_apple (from `.symlinks/plugins/permission_handler_apple/ios`)
  - share_plus (from `.symlinks/plugins/share_plus/ios`)
  - sqflite_darwin (from `.symlinks/plugins/sqflite_darwin/darwin`)
  - url_launcher_ios (from `.symlinks/plugins/url_launcher_ios/ios`)
  - webview_flutter_wkwebview (from `.symlinks/plugins/webview_flutter_wkwebview/darwin`)
  - yandex_maps_mapkit_lite (from `.symlinks/plugins/yandex_maps_mapkit_lite/ios`)

SPEC REPOS:
  trunk:
    - AppMetricaAdSupport
    - AppMetricaAnalytics
    - AppMetricaCore
    - AppMetricaCoreExtension
    - AppMetricaCoreUtils
    - AppMetricaCrashes
    - AppMetricaEncodingUtils
    - AppMetricaFMDB
    - AppMetricaHostState
    - AppMetricaIdentifiers
    - AppMetricaIDSync
    - AppMetricaKeychain
    - AppMetricaLog
    - AppMetricaLogSwift
    - AppMetricaNetwork
    - AppMetricaPlatform
    - AppMetricaProtobuf
    - AppMetricaProtobufUtils
    - AppMetricaScreenshot
    - AppMetricaStorageUtils
    - AppMetricaSynchronization
    - AppMetricaWebKit
    - Firebase
    - FirebaseCore
    - FirebaseCoreInternal
    - FirebaseInstallations
    - FirebaseMessaging
    - GoogleDataTransport
    - GoogleUtilities
    - KSCrash
    - nanopb
    - PromisesObjC
    - SAMKeychain
    - YandexMapsMobile

EXTERNAL SOURCES:
  add_2_calendar:
    :path: ".symlinks/plugins/add_2_calendar/ios"
  appmetrica_plugin:
    :path: ".symlinks/plugins/appmetrica_plugin/ios"
  firebase_core:
    :path: ".symlinks/plugins/firebase_core/ios"
  firebase_messaging:
    :path: ".symlinks/plugins/firebase_messaging/ios"
  Flutter:
    :path: Flutter
  flutter_secure_storage:
    :path: ".symlinks/plugins/flutter_secure_storage/ios"
  flutter_udid:
    :path: ".symlinks/plugins/flutter_udid/ios"
  geolocator_apple:
    :path: ".symlinks/plugins/geolocator_apple/darwin"
  image_picker_ios:
    :path: ".symlinks/plugins/image_picker_ios/ios"
  map_launcher:
    :path: ".symlinks/plugins/map_launcher/ios"
  package_info_plus:
    :path: ".symlinks/plugins/package_info_plus/ios"
  path_provider_foundation:
    :path: ".symlinks/plugins/path_provider_foundation/darwin"
  permission_handler_apple:
    :path: ".symlinks/plugins/permission_handler_apple/ios"
  share_plus:
    :path: ".symlinks/plugins/share_plus/ios"
  sqflite_darwin:
    :path: ".symlinks/plugins/sqflite_darwin/darwin"
  url_launcher_ios:
    :path: ".symlinks/plugins/url_launcher_ios/ios"
  webview_flutter_wkwebview:
    :path: ".symlinks/plugins/webview_flutter_wkwebview/darwin"
  yandex_maps_mapkit_lite:
    :path: ".symlinks/plugins/yandex_maps_mapkit_lite/ios"

SPEC CHECKSUMS:
  add_2_calendar: e626377f607d055070093cbd56abd1fafa1a02a5
  appmetrica_plugin: 33259bb6707919ae773de457b88c35db0a8599d3
  AppMetricaAdSupport: 18f733285fbb9fdba3e24f8b2ea97b9e3e2aa6df
  AppMetricaAnalytics: 9f5b1574165e3426c25baaff18d1f57608906bdd
  AppMetricaCore: 335edc5051c389efae0b4eed742dc8e6a2a20cca
  AppMetricaCoreExtension: f5ad85186ce820b791978ffb0a5c0a0a3fb2b129
  AppMetricaCoreUtils: e4b3a0cf5172d07f80aa27afe81b22cb503e5b1b
  AppMetricaCrashes: c567155a5f887119316a48876d75732647fd2dcd
  AppMetricaEncodingUtils: 83e3190cdc7bd35886a8ce9bad0fb06a1167b2b1
  AppMetricaFMDB: 2b2aa256329cd91eb30028e38926c5cedf3b4d23
  AppMetricaHostState: 31668658618690ad965e0b541f9a04e643598f97
  AppMetricaIdentifiers: 6ac4718be8e4cb339fb7ad5d93b626be4bc9f4f5
  AppMetricaIDSync: 3b131fcd67ab3f8d486340f8930e70ca50e86202
  AppMetricaKeychain: 734e29550fb2bb289bf911f7f26766a7530c5dd4
  AppMetricaLog: 5b2ee136246a3056a0b96126bace4208627880c3
  AppMetricaLogSwift: b994328ab290ae4752b7e8dc6c3460b5e9ae9e10
  AppMetricaNetwork: c1ba532e5701d312872765fe4b52130020ff24e4
  AppMetricaPlatform: 2721f447fff64101da2603f8cd35b5b8cc0042b5
  AppMetricaProtobuf: 673e132fa8cb5bdf0939335196fb876a5a39ba17
  AppMetricaProtobufUtils: e02dd2b4fdde675f67d69b9ba2c531f6e777bb7b
  AppMetricaScreenshot: 526263ad99135c4fce7eff916205b2efd72d566e
  AppMetricaStorageUtils: 9017d6d7b139a05fe9e9a59e6c944f3c5d882383
  AppMetricaSynchronization: 89023e0477f5d597d2530b8ff7f858e34c652f17
  AppMetricaWebKit: f933532707b856efd4892765449e727aa6b3bd7f
  Firebase: f07b15ae5a6ec0f93713e30b923d9970d144af3e
  firebase_core: f1aafb21c14f497e5498f7ffc4dc63cbb52b2594
  firebase_messaging: c17a29984eafce4b2997fe078bb0a9e0b06f5dde
  FirebaseCore: bb595f3114953664e3c1dc032f008a244147cfd3
  FirebaseCoreInternal: d7f5a043c2cd01a08103ab586587c1468047bca6
  FirebaseInstallations: ae9f4902cb5bf1d0c5eaa31ec1f4e5495a0714e2
  FirebaseMessaging: d33971b7bb252745ea6cd31ab190d1a1df4b8ed5
  Flutter: cabc95a1d2626b1b06e7179b784ebcf0c0cde467
  flutter_secure_storage: 1ed9476fba7e7a782b22888f956cce43e2c62f13
  flutter_udid: f7c3884e6ec2951efe4f9de082257fc77c4d15e9
  geolocator_apple: ab36aa0e8b7d7a2d7639b3b4e48308394e8cef5e
  GoogleDataTransport: aae35b7ea0c09004c3797d53c8c41f66f219d6a7
  GoogleUtilities: 00c88b9a86066ef77f0da2fab05f65d7768ed8e1
  image_picker_ios: 7fe1ff8e34c1790d6fff70a32484959f563a928a
  KSCrash: bd950ede6c40a50bfc9f246c38a7f3408705fa3c
  map_launcher: 8051ad5783913cafce93f2414c6858f2904fd8df
  nanopb: fad817b59e0457d11a5dfbde799381cd727c1275
  package_info_plus: af8e2ca6888548050f16fa2f1938db7b5a5df499
  path_provider_foundation: 080d55be775b7414fd5a5ef3ac137b97b097e564
  permission_handler_apple: 4ed2196e43d0651e8ff7ca3483a069d469701f2d
  PromisesObjC: f5707f49cb48b9636751c5b2e7d227e43fba9f47
  SAMKeychain: 483e1c9f32984d50ca961e26818a534283b4cd5c
  share_plus: 50da8cb520a8f0f65671c6c6a99b3617ed10a58a
  sqflite_darwin: 20b2a3a3b70e43edae938624ce550a3cbf66a3d0
  url_launcher_ios: 694010445543906933d732453a59da0a173ae33d
  webview_flutter_wkwebview: 8ebf4fded22593026f7dbff1fbff31ea98573c8d
  yandex_maps_mapkit_lite: 0676fe7f7596e28381ca345d92d380493df96ea9
  YandexMapsMobile: 2a2390a6f294a32b5cfbcdbda60064a4f8b78107

PODFILE CHECKSUM: 4b015915ec662986b54bf30ab778da63f7dda016

COCOAPODS: 1.16.2
